Microsoft Visual Studio Solution File, Format Version 11.00
# Visual Studio 2008

Project("{CC45FA4B-3777-3B6A-8EA3-5DDEA2FC1AC2}") = "EECS499-Week5-Prototype", "Assembly-CSharp-vs.csproj", "{24D337F3-4300-E968-9CC9-AF116DB1E930}"
EndProject
Global
	GlobalSection(SolutionConfigurationPlatforms) = preSolution
		Debug|Any CPU = Debug|Any CPU
		Release|Any CPU = Release|Any CPU
	EndGlobalSection
	GlobalSection(ProjectConfigurationPlatforms) = postSolution
		{24D337F3-4300-E968-9CC9-AF116DB1E930}.Debug|Any CPU.ActiveCfg = Debug|Any CPU
		{24D337F3-4300-E968-9CC9-AF116DB1E930}.Debug|Any CPU.Build.0 = Debug|Any CPU
		{24D337F3-4300-E968-9CC9-AF116DB1E930}.Release|Any CPU.ActiveCfg = Release|Any CPU
		{24D337F3-4300-E968-9CC9-AF116DB1E930}.Release|Any CPU.Build.0 = Release|Any CPU
	EndGlobalSection
	GlobalSection(SolutionProperties) = preSolution
		HideSolutionNode = FALSE
	EndGlobalSection
				GlobalSection(MonoDevelopProperties) = preSolution
		StartupItem = Assembly-CSharp.csproj
		Policies = $0
		$0.TextStylePolicy = $1
		$1.inheritsSet = null
		$1.scope = text/x-csharp
		$0.CSharpFormattingPolicy = $2
		$2.inheritsSet = Mono
		$2.inheritsScope = text/x-csharp
		$2.scope = text/x-csharp
		$0.TextStylePolicy = $3
		$3.FileWidth = 120
		$3.TabWidth = 4
		$3.EolMarker = Unix
		$3.inheritsSet = Mono
		$3.inheritsScope = text/plain
		$3.scope = text/plain
	EndGlobalSection

EndGlobal
